
Microsoft Visual Studio Solution File, Format Version 12.00
# Visual Studio 15
VisualStudioVersion = 15.0.28307.757
MinimumVisualStudioVersion = 10.0.40219.1
Project("{FAE04EC0-301F-11D3-BF4B-00C04F79EFBC}") = "WebApplicationTest1", "WebApplicationTest1\WebApplicationTest1.csproj", "{27804230-DECF-4EBB-8C69-AEA22E8CB049}"
EndProject
Global
	GlobalSection(SolutionConfigurationPlatforms) = preSolution
		Debug|Any CPU = Debug|Any CPU
		Release|Any CPU = Release|Any CPU
	EndGlobalSection
	GlobalSection(ProjectConfigurationPlatforms) = postSolution
		{27804230-DECF-4EBB-8C69-AEA22E8CB049}.Debug|Any CPU.ActiveCfg = Debug|Any CPU
		{27804230-DECF-4EBB-8C69-AEA22E8CB049}.Debug|Any CPU.Build.0 = Debug|Any CPU
		{27804230-DECF-4EBB-8C69-AEA22E8CB049}.Release|Any CPU.ActiveCfg = Release|Any CPU
		{27804230-DECF-4EBB-8C69-AEA22E8CB049}.Release|Any CPU.Build.0 = Release|Any CPU
	EndGlobalSection
	GlobalSection(SolutionProperties) = preSolution
		HideSolutionNode = FALSE
	EndGlobalSection
	GlobalSection(ExtensibilityGlobals) = postSolution
		SolutionGuid = {827D47F0-ADF1-4B24-8B2D-179E94CC99B4}
	EndGlobalSection
EndGlobal
